
Microsoft Visual Studio Solution File, Format Version 12.00
# Visual Studio Version 17
VisualStudioVersion = 17.7.34031.279
MinimumVisualStudioVersion = 10.0.40219.1
Project("{2150E333-8FDC-42A3-9474-1A3956D46DE8}") = "FrontEnd", "FrontEnd", "{F1CB4E08-FBCE-4E84-8867-4203BDC6010F}"
EndProject
Project("{2150E333-8FDC-42A3-9474-1A3956D46DE8}") = "GateWay", "GateWay", "{2D2206FF-95B5-4AC8-AFF0-D8F2710CF248}"
EndProject
Project("{2150E333-8FDC-42A3-9474-1A3956D46DE8}") = "Integration", "Integration", "{4C195BCF-360D-4C80-A29A-11193F987D4D}"
EndProject
Project("{2150E333-8FDC-42A3-9474-1A3956D46DE8}") = "Services", "Services", "{5D73245B-230B-4753-A095-647710C93598}"
EndProject
Project("{9A19103F-16F7-4668-BE54-9A1E7A4F7556}") = "Mango.Services.CouponAPI", "Mango.Services.CouponAPI\Mango.Services.CouponAPI.csproj", "{367EED63-8FAD-4C6E-BB2E-6D1AC56343B9}"
EndProject
Project("{9A19103F-16F7-4668-BE54-9A1E7A4F7556}") = "Mango.Web", "Mango.Web\Mango.Web.csproj", "{90CEA875-DB33-42F2-88B3-A24082B03089}"
EndProject
Project("{9A19103F-16F7-4668-BE54-9A1E7A4F7556}") = "Mango.Services.AuthAPI", "Mango.Services.AuthAPI\Mango.Services.AuthAPI.csproj", "{42A1C4A2-7446-4D71-8C9F-CE193350C2EB}"
EndProject
Project("{9A19103F-16F7-4668-BE54-9A1E7A4F7556}") = "Mango.Services.ProductAPI", "Mango.Services.ProductApi\Mango.Services.ProductAPI.csproj", "{2361F3DD-1992-4668-B0BC-0E0786EC95DA}"
EndProject
Project("{9A19103F-16F7-4668-BE54-9A1E7A4F7556}") = "Mango.Services.ShoppingCartAPI", "Mango.Services.ShoppingCartAPI\Mango.Services.ShoppingCartAPI.csproj", "{BB4212CF-B69E-478A-89A0-DFBA7B49D482}"
EndProject
Project("{9A19103F-16F7-4668-BE54-9A1E7A4F7556}") = "Mango.MessageBus", "Mango.MessageBus\Mango.MessageBus.csproj", "{7BE4B6A2-BAFF-4DBD-916B-5D7B091E9B43}"
EndProject
Project("{FAE04EC0-301F-11D3-BF4B-00C04F79EFBC}") = "Mango.Services.EmailAPI", "Mango.Services.EmailAPI\Mango.Services.EmailAPI.csproj", "{9B5EA374-D652-4AD3-B1BE-39D183577A48}"
EndProject
Global
	GlobalSection(SolutionConfigurationPlatforms) = preSolution
		Debug|Any CPU = Debug|Any CPU
		Release|Any CPU = Release|Any CPU
	EndGlobalSection
	GlobalSection(ProjectConfigurationPlatforms) = postSolution
		{367EED63-8FAD-4C6E-BB2E-6D1AC56343B9}.Debug|Any CPU.ActiveCfg = Debug|Any CPU
		{367EED63-8FAD-4C6E-BB2E-6D1AC56343B9}.Debug|Any CPU.Build.0 = Debug|Any CPU
		{367EED63-8FAD-4C6E-BB2E-6D1AC56343B9}.Release|Any CPU.ActiveCfg = Release|Any CPU
		{367EED63-8FAD-4C6E-BB2E-6D1AC56343B9}.Release|Any CPU.Build.0 = Release|Any CPU
		{90CEA875-DB33-42F2-88B3-A24082B03089}.Debug|Any CPU.ActiveCfg = Debug|Any CPU
		{90CEA875-DB33-42F2-88B3-A24082B03089}.Debug|Any CPU.Build.0 = Debug|Any CPU
		{90CEA875-DB33-42F2-88B3-A24082B03089}.Release|Any CPU.ActiveCfg = Release|Any CPU
		{90CEA875-DB33-42F2-88B3-A24082B03089}.Release|Any CPU.Build.0 = Release|Any CPU
		{42A1C4A2-7446-4D71-8C9F-CE193350C2EB}.Debug|Any CPU.ActiveCfg = Debug|Any CPU
		{42A1C4A2-7446-4D71-8C9F-CE193350C2EB}.Debug|Any CPU.Build.0 = Debug|Any CPU
		{42A1C4A2-7446-4D71-8C9F-CE193350C2EB}.Release|Any CPU.ActiveCfg = Release|Any CPU
		{42A1C4A2-7446-4D71-8C9F-CE193350C2EB}.Release|Any CPU.Build.0 = Release|Any CPU
		{2361F3DD-1992-4668-B0BC-0E0786EC95DA}.Debug|Any CPU.ActiveCfg = Debug|Any CPU
		{2361F3DD-1992-4668-B0BC-0E0786EC95DA}.Debug|Any CPU.Build.0 = Debug|Any CPU
		{2361F3DD-1992-4668-B0BC-0E0786EC95DA}.Release|Any CPU.ActiveCfg = Release|Any CPU
		{2361F3DD-1992-4668-B0BC-0E0786EC95DA}.Release|Any CPU.Build.0 = Release|Any CPU
		{BB4212CF-B69E-478A-89A0-DFBA7B49D482}.Debug|Any CPU.ActiveCfg = Debug|Any CPU
		{BB4212CF-B69E-478A-89A0-DFBA7B49D482}.Debug|Any CPU.Build.0 = Debug|Any CPU
		{BB4212CF-B69E-478A-89A0-DFBA7B49D482}.Release|Any CPU.ActiveCfg = Release|Any CPU
		{BB4212CF-B69E-478A-89A0-DFBA7B49D482}.Release|Any CPU.Build.0 = Release|Any CPU
		{7BE4B6A2-BAFF-4DBD-916B-5D7B091E9B43}.Debug|Any CPU.ActiveCfg = Debug|Any CPU
		{7BE4B6A2-BAFF-4DBD-916B-5D7B091E9B43}.Debug|Any CPU.Build.0 = Debug|Any CPU
		{7BE4B6A2-BAFF-4DBD-916B-5D7B091E9B43}.Release|Any CPU.ActiveCfg = Release|Any CPU
		{7BE4B6A2-BAFF-4DBD-916B-5D7B091E9B43}.Release|Any CPU.Build.0 = Release|Any CPU
		{9B5EA374-D652-4AD3-B1BE-39D183577A48}.Debug|Any CPU.ActiveCfg = Debug|Any CPU
		{9B5EA374-D652-4AD3-B1BE-39D183577A48}.Debug|Any CPU.Build.0 = Debug|Any CPU
		{9B5EA374-D652-4AD3-B1BE-39D183577A48}.Release|Any CPU.ActiveCfg = Release|Any CPU
		{9B5EA374-D652-4AD3-B1BE-39D183577A48}.Release|Any CPU.Build.0 = Release|Any CPU
	EndGlobalSection
	GlobalSection(SolutionProperties) = preSolution
		HideSolutionNode = FALSE
	EndGlobalSection
	GlobalSection(NestedProjects) = preSolution
		{367EED63-8FAD-4C6E-BB2E-6D1AC56343B9} = {5D73245B-230B-4753-A095-647710C93598}
		{90CEA875-DB33-42F2-88B3-A24082B03089} = {F1CB4E08-FBCE-4E84-8867-4203BDC6010F}
		{42A1C4A2-7446-4D71-8C9F-CE193350C2EB} = {5D73245B-230B-4753-A095-647710C93598}
		{2361F3DD-1992-4668-B0BC-0E0786EC95DA} = {5D73245B-230B-4753-A095-647710C93598}
		{BB4212CF-B69E-478A-89A0-DFBA7B49D482} = {5D73245B-230B-4753-A095-647710C93598}
		{7BE4B6A2-BAFF-4DBD-916B-5D7B091E9B43} = {4C195BCF-360D-4C80-A29A-11193F987D4D}
		{9B5EA374-D652-4AD3-B1BE-39D183577A48} = {5D73245B-230B-4753-A095-647710C93598}
	EndGlobalSection
	GlobalSection(ExtensibilityGlobals) = postSolution
		SolutionGuid = {D55E02F7-DE2F-4787-86C4-D564C4E5EF4D}
	EndGlobalSection
EndGlobal
